
Microsoft Visual Studio Solution File, Format Version 12.00
# Visual Studio Version 17
VisualStudioVersion = 17.14.36603.0 d17.14
MinimumVisualStudioVersion = 10.0.40219.1
Project("{54A90642-561A-4BB1-A94E-469ADEE60C69}") = "anchorpointwebsolutionslandingpage.client", "anchorpointwebsolutionslandingpage.client\anchorpointwebsolutionslandingpage.client.esproj", "{C11402B2-11F8-4826-51BD-FEE5101864D0}"
EndProject
Project("{FAE04EC0-301F-11D3-BF4B-00C04F79EFBC}") = "AnchorPointWebSolutionsLandingPage.Server", "AnchorPointWebSolutionsLandingPage.Server\AnchorPointWebSolutionsLandingPage.Server.csproj", "{095851B1-022F-4FF5-92E5-A041BA4A556B}"
EndProject
Global
	GlobalSection(SolutionConfigurationPlatforms) = preSolution
		Debug|Any CPU = Debug|Any CPU
		Release|Any CPU = Release|Any CPU
	EndGlobalSection
	GlobalSection(ProjectConfigurationPlatforms) = postSolution
		{C11402B2-11F8-4826-51BD-FEE5101864D0}.Debug|Any CPU.ActiveCfg = Debug|Any CPU
		{C11402B2-11F8-4826-51BD-FEE5101864D0}.Debug|Any CPU.Build.0 = Debug|Any CPU
		{C11402B2-11F8-4826-51BD-FEE5101864D0}.Debug|Any CPU.Deploy.0 = Debug|Any CPU
		{C11402B2-11F8-4826-51BD-FEE5101864D0}.Release|Any CPU.ActiveCfg = Release|Any CPU
		{C11402B2-11F8-4826-51BD-FEE5101864D0}.Release|Any CPU.Build.0 = Release|Any CPU
		{C11402B2-11F8-4826-51BD-FEE5101864D0}.Release|Any CPU.Deploy.0 = Release|Any CPU
		{095851B1-022F-4FF5-92E5-A041BA4A556B}.Debug|Any CPU.ActiveCfg = Debug|Any CPU
		{095851B1-022F-4FF5-92E5-A041BA4A556B}.Debug|Any CPU.Build.0 = Debug|Any CPU
		{095851B1-022F-4FF5-92E5-A041BA4A556B}.Release|Any CPU.ActiveCfg = Release|Any CPU
		{095851B1-022F-4FF5-92E5-A041BA4A556B}.Release|Any CPU.Build.0 = Release|Any CPU
	EndGlobalSection
	GlobalSection(SolutionProperties) = preSolution
		HideSolutionNode = FALSE
	EndGlobalSection
	GlobalSection(ExtensibilityGlobals) = postSolution
		SolutionGuid = {9A31515B-B21B-4F57-8226-2092A5B98E3D}
	EndGlobalSection
EndGlobal
